schema: '2.0'
stages:
  data_ingestion:
    cmd: python -m src.data_ingestion
    deps:
    - path: src/data_ingestion.py
      hash: md5
      md5: fa4c7ba34867e4c9deaadc1b1359b7b8
      size: 4409
    outs:
    - path: artifacts/raw/Images
      hash: md5
      md5: c0e9e54ca76e56edb2a5587daba98d16.dir
      size: 2435540
      nfiles: 333
    - path: artifacts/raw/Labels
      hash: md5
      md5: fcc5c8e9eb27d94a6aae879f0b2e5b00.dir
      size: 6651
      nfiles: 333
